PODS:
  - boost-for-react-native (1.63.0)
  - DoubleConversion (1.1.6)
  - FBLazyVector (0.62.0)
  - FBReactNativeSpec (0.62.0):
    - Folly (= 2018.10.22.00)
    - RCTRequired (= 0.62.0)
    - RCTTypeSafety (= 0.62.0)
    - React-Core (= 0.62.0)
    - React-jsi (= 0.62.0)
    - ReactCommon/turbomodule/core (= 0.62.0)
  - Firebase/Core (6.34.0):
    - Firebase/CoreOnly
    - FirebaseAnalytics (= 6.9.0)
  - Firebase/CoreOnly (6.34.0):
    - FirebaseCore (= 6.10.4)
  - Firebase/Messaging (6.34.0):
    - Firebase/CoreOnly
    - FirebaseMessaging (~> 4.7.1)
  - Firebase/MLVision (6.34.0):
    - Firebase/CoreOnly
    - FirebaseMLVision (~> 0.21.0)
  - Firebase/MLVisionBarcodeModel (6.34.0):
    - Firebase/CoreOnly
    - FirebaseMLVisionBarcodeModel (~> 0.21.0)
  - FirebaseAnalytics (6.9.0):
    - FirebaseCore (~> 6.10)
    - FirebaseInstallations (~> 1.7)
    - GoogleAppMeasurement (= 6.9.0)
    - GoogleUtilities/AppDelegateSwizzler (~> 6.7)
    - GoogleUtilities/MethodSwizzler (~> 6.7)
    - GoogleUtilities/Network (~> 6.7)
    - "GoogleUtilities/NSData+zlib (~> 6.7)"
    - nanopb (~> 1.30906.0)
  - FirebaseCore (6.10.4):
    - FirebaseCoreDiagnostics (~> 1.6)
    - GoogleUtilities/Environment (~> 6.7)
    - GoogleUtilities/Logger (~> 6.7)
  - FirebaseCoreDiagnostics (1.7.0):
    - GoogleDataTransport (~> 7.4)
    - GoogleUtilities/Environment (~> 6.7)
    - GoogleUtilities/Logger (~> 6.7)
    - nanopb (~> 1.30906.0)
  - FirebaseInstallations (1.7.0):
    - FirebaseCore (~> 6.10)
    - GoogleUtilities/Environment (~> 6.7)
    - GoogleUtilities/UserDefaults (~> 6.7)
    - PromisesObjC (~> 1.2)
  - FirebaseInstanceID (4.8.0):
    - FirebaseCore (~> 6.10)
    - FirebaseInstallations (~> 1.6)
    - GoogleUtilities/Environment (~> 6.7)
    - GoogleUtilities/UserDefaults (~> 6.7)
  - FirebaseMessaging (4.7.1):
    - FirebaseCore (~> 6.10)
    - FirebaseInstanceID (~> 4.7)
    - GoogleUtilities/AppDelegateSwizzler (~> 6.7)
    - GoogleUtilities/Environment (~> 6.7)
    - GoogleUtilities/Reachability (~> 6.7)
    - GoogleUtilities/UserDefaults (~> 6.7)
    - Protobuf (>= 3.9.2, ~> 3.9)
  - FirebaseMLCommon (0.21.0):
    - FirebaseCore (~> 6.9)
    - FirebaseInstallations (~> 1.5)
    - GoogleToolboxForMac/Logger (~> 2.1)
    - "GoogleToolboxForMac/NSData+zlib (~> 2.1)"
    - "GoogleToolboxForMac/NSDictionary+URLArguments (~> 2.1)"
    - GoogleUtilities/UserDefaults (~> 6.0)
    - GTMSessionFetcher/Core (~> 1.1)
    - Protobuf (~> 3.12)
  - FirebaseMLVision (0.21.0):
    - FirebaseCore (~> 6.9)
    - FirebaseMLCommon (~> 0.21)
    - GoogleAPIClientForREST/Core (~> 1.3)
    - GoogleAPIClientForREST/Vision (~> 1.3)
    - GoogleToolboxForMac/Logger (~> 2.1)
    - "GoogleToolboxForMac/NSData+zlib (~> 2.1)"
    - GTMSessionFetcher/Core (~> 1.1)
    - Protobuf (~> 3.12)
  - FirebaseMLVisionBarcodeModel (0.21.0):
    - FirebaseMLVision (~> 0.21)
  - Folly (2018.10.22.00):
    - boost-for-react-native
    - DoubleConversion
    - Folly/Default (= 2018.10.22.00)
    - glog
  - Folly/Default (2018.10.22.00):
    - boost-for-react-native
    - DoubleConversion
    - glog
  - glog (0.3.5)
  - GoogleAPIClientForREST/Core (1.5.2):
    - GTMSessionFetcher (>= 1.1.7)
  - GoogleAPIClientForREST/Vision (1.5.2):
    - GoogleAPIClientForREST/Core
    - GTMSessionFetcher (>= 1.1.7)
  - GoogleAppMeasurement (6.9.0):
    - GoogleUtilities/AppDelegateSwizzler (~> 6.7)
    - GoogleUtilities/MethodSwizzler (~> 6.7)
    - GoogleUtilities/Network (~> 6.7)
    - "GoogleUtilities/NSData+zlib (~> 6.7)"
    - nanopb (~> 1.30906.0)
  - GoogleDataTransport (7.5.1):
    - nanopb (~> 1.30906.0)
  - GoogleToolboxForMac/DebugUtils (2.3.1):
    - GoogleToolboxForMac/Defines (= 2.3.1)
  - GoogleToolboxForMac/Defines (2.3.1)
  - GoogleToolboxForMac/Logger (2.3.1):
    - GoogleToolboxForMac/Defines (= 2.3.1)
  - "GoogleToolboxForMac/NSData+zlib (2.3.1)":
    - GoogleToolboxForMac/Defines (= 2.3.1)
  - "GoogleToolboxForMac/NSDictionary+URLArguments (2.3.1)":
    - GoogleToolboxForMac/DebugUtils (= 2.3.1)
    - GoogleToolboxForMac/Defines (= 2.3.1)
    - "GoogleToolboxForMac/NSString+URLArguments (= 2.3.1)"
  - "GoogleToolboxForMac/NSString+URLArguments (2.3.1)"
  - GoogleUtilities/AppDelegateSwizzler (6.7.2):
    - GoogleUtilities/Environment
    - GoogleUtilities/Logger
    - GoogleUtilities/Network
  - GoogleUtilities/Environment (6.7.2):
    - PromisesObjC (~> 1.2)
  - GoogleUtilities/Logger (6.7.2):
    - GoogleUtilities/Environment
  - GoogleUtilities/MethodSwizzler (6.7.2):
    - GoogleUtilities/Logger
  - GoogleUtilities/Network (6.7.2):
    - GoogleUtilities/Logger
    - "GoogleUtilities/NSData+zlib"
    - GoogleUtilities/Reachability
  - "GoogleUtilities/NSData+zlib (6.7.2)"
  - GoogleUtilities/Reachability (6.7.2):
    - GoogleUtilities/Logger
  - GoogleUtilities/UserDefaults (6.7.2):
    - GoogleUtilities/Logger
  - GTMSessionFetcher (1.5.0):
    - GTMSessionFetcher/Full (= 1.5.0)
  - GTMSessionFetcher/Core (1.5.0)
  - GTMSessionFetcher/Full (1.5.0):
    - GTMSessionFetcher/Core (= 1.5.0)
  - libwebp (1.2.0):
    - libwebp/demux (= 1.2.0)
    - libwebp/mux (= 1.2.0)
    - libwebp/webp (= 1.2.0)
  - libwebp/demux (1.2.0):
    - libwebp/webp
  - libwebp/mux (1.2.0):
    - libwebp/demux
  - libwebp/webp (1.2.0)
  - nanopb (1.30906.0):
    - nanopb/decode (= 1.30906.0)
    - nanopb/encode (= 1.30906.0)
  - nanopb/decode (1.30906.0)
  - nanopb/encode (1.30906.0)
  - OpenSSL-Universal (1.0.2.20):
    - OpenSSL-Universal/Static (= 1.0.2.20)
  - OpenSSL-Universal/Static (1.0.2.20)
  - Permission-Camera (2.2.2):
    - RNPermissions
  - PromisesObjC (1.2.12)
  - Protobuf (3.17.0)
  - RCTRequired (0.62.0)
  - RCTTypeSafety (0.62.0):
    - FBLazyVector (= 0.62.0)
    - Folly (= 2018.10.22.00)
    - RCTRequired (= 0.62.0)
    - React-Core (= 0.62.0)
  - React (0.62.0):
    - React-Core (= 0.62.0)
    - React-Core/DevSupport (= 0.62.0)
    - React-Core/RCTWebSocket (= 0.62.0)
    - React-RCTActionSheet (= 0.62.0)
    - React-RCTAnimation (= 0.62.0)
    - React-RCTBlob (= 0.62.0)
    - React-RCTImage (= 0.62.0)
    - React-RCTLinking (= 0.62.0)
    - React-RCTNetwork (= 0.62.0)
    - React-RCTSettings (= 0.62.0)
    - React-RCTText (= 0.62.0)
    - React-RCTVibration (= 0.62.0)
  - React-Core (0.62.0):
    - Folly (= 2018.10.22.00)
    - glog
    - React-Core/Default (= 0.62.0)
    - React-cxxreact (= 0.62.0)
    - React-jsi (= 0.62.0)
    - React-jsiexecutor (= 0.62.0)
    - Yoga
  - React-Core/CoreModulesHeaders (0.62.0):
    - Folly (= 2018.10.22.00)
    - glog
    - React-Core/Default
    - React-cxxreact (= 0.62.0)
    - React-jsi (= 0.62.0)
    - React-jsiexecutor (= 0.62.0)
    - Yoga
  - React-Core/Default (0.62.0):
    - Folly (= 2018.10.22.00)
    - glog
    - React-cxxreact (= 0.62.0)
    - React-jsi (= 0.62.0)
    - React-jsiexecutor (= 0.62.0)
    - Yoga
  - React-Core/DevSupport (0.62.0):
    - Folly (= 2018.10.22.00)
    - glog
    - React-Core/Default (= 0.62.0)
    - React-Core/RCTWebSocket (= 0.62.0)
    - React-cxxreact (= 0.62.0)
    - React-jsi (= 0.62.0)
    - React-jsiexecutor (= 0.62.0)
    - React-jsinspector (= 0.62.0)
    - Yoga
  - React-Core/RCTActionSheetHeaders (0.62.0):
    - Folly (= 2018.10.22.00)
    - glog
    - React-Core/Default
    - React-cxxreact (= 0.62.0)
    - React-jsi (= 0.62.0)
    - React-jsiexecutor (= 0.62.0)
    - Yoga
  - React-Core/RCTAnimationHeaders (0.62.0):
    - Folly (= 2018.10.22.00)
    - glog
    - React-Core/Default
    - React-cxxreact (= 0.62.0)
    - React-jsi (= 0.62.0)
    - React-jsiexecutor (= 0.62.0)
    - Yoga
  - React-Core/RCTBlobHeaders (0.62.0):
    - Folly (= 2018.10.22.00)
    - glog
    - React-Core/Default
    - React-cxxreact (= 0.62.0)
    - React-jsi (= 0.62.0)
    - React-jsiexecutor (= 0.62.0)
    - Yoga
  - React-Core/RCTImageHeaders (0.62.0):
    - Folly (= 2018.10.22.00)
    - glog
    - React-Core/Default
    - React-cxxreact (= 0.62.0)
    - React-jsi (= 0.62.0)
    - React-jsiexecutor (= 0.62.0)
    - Yoga
  - React-Core/RCTLinkingHeaders (0.62.0):
    - Folly (= 2018.10.22.00)
    - glog
    - React-Core/Default
    - React-cxxreact (= 0.62.0)
    - React-jsi (= 0.62.0)
    - React-jsiexecutor (= 0.62.0)
    - Yoga
  - React-Core/RCTNetworkHeaders (0.62.0):
    - Folly (= 2018.10.22.00)
    - glog
    - React-Core/Default
    - React-cxxreact (= 0.62.0)
    - React-jsi (= 0.62.0)
    - React-jsiexecutor (= 0.62.0)
    - Yoga
  - React-Core/RCTSettingsHeaders (0.62.0):
    - Folly (= 2018.10.22.00)
    - glog
    - React-Core/Default
    - React-cxxreact (= 0.62.0)
    - React-jsi (= 0.62.0)
    - React-jsiexecutor (= 0.62.0)
    - Yoga
  - React-Core/RCTTextHeaders (0.62.0):
    - Folly (= 2018.10.22.00)
    - glog
    - React-Core/Default
    - React-cxxreact (= 0.62.0)
    - React-jsi (= 0.62.0)
    - React-jsiexecutor (= 0.62.0)
    - Yoga
  - React-Core/RCTVibrationHeaders (0.62.0):
    - Folly (= 2018.10.22.00)
    - glog
    - React-Core/Default
    - React-cxxreact (= 0.62.0)
    - React-jsi (= 0.62.0)
    - React-jsiexecutor (= 0.62.0)
    - Yoga
  - React-Core/RCTWebSocket (0.62.0):
    - Folly (= 2018.10.22.00)
    - glog
    - React-Core/Default (= 0.62.0)
    - React-cxxreact (= 0.62.0)
    - React-jsi (= 0.62.0)
    - React-jsiexecutor (= 0.62.0)
    - Yoga
  - React-CoreModules (0.62.0):
    - FBReactNativeSpec (= 0.62.0)
    - Folly (= 2018.10.22.00)
    - RCTTypeSafety (= 0.62.0)
    - React-Core/CoreModulesHeaders (= 0.62.0)
    - React-RCTImage (= 0.62.0)
    - ReactCommon/turbomodule/core (= 0.62.0)
  - React-cxxreact (0.62.0):
    - boost-for-react-native (= 1.63.0)
    - DoubleConversion
    - Folly (= 2018.10.22.00)
    - glog
    - React-jsinspector (= 0.62.0)
  - React-jsi (0.62.0):
    - boost-for-react-native (= 1.63.0)
    - DoubleConversion
    - Folly (= 2018.10.22.00)
    - glog
    - React-jsi/Default (= 0.62.0)
  - React-jsi/Default (0.62.0):
    - boost-for-react-native (= 1.63.0)
    - DoubleConversion
    - Folly (= 2018.10.22.00)
    - glog
  - React-jsiexecutor (0.62.0):
    - DoubleConversion
    - Folly (= 2018.10.22.00)
    - glog
    - React-cxxreact (= 0.62.0)
    - React-jsi (= 0.62.0)
  - React-jsinspector (0.62.0)
  - react-native-camera/BarcodeDetectorMLKit (3.43.6):
    - Firebase/MLVision
    - Firebase/MLVisionBarcodeModel
    - React-Core
    - react-native-camera/RCT
    - react-native-camera/RN
  - react-native-camera/RCT (3.43.6):
    - React-Core
  - react-native-camera/RN (3.43.6):
    - React-Core
  - react-native-image-picker (3.6.0):
    - React-Core
  - react-native-safe-area-context (0.7.3):
    - React
  - react-native-splash-screen (3.2.0):
    - React
  - react-native-webview (10.10.2):
    - React-Core
  - React-RCTActionSheet (0.62.0):
    - React-Core/RCTActionSheetHeaders (= 0.62.0)
  - React-RCTAnimation (0.62.0):
    - FBReactNativeSpec (= 0.62.0)
    - Folly (= 2018.10.22.00)
    - RCTTypeSafety (= 0.62.0)
    - React-Core/RCTAnimationHeaders (= 0.62.0)
    - ReactCommon/turbomodule/core (= 0.62.0)
  - React-RCTBlob (0.62.0):
    - FBReactNativeSpec (= 0.62.0)
    - Folly (= 2018.10.22.00)
    - React-Core/RCTBlobHeaders (= 0.62.0)
    - React-Core/RCTWebSocket (= 0.62.0)
    - React-jsi (= 0.62.0)
    - React-RCTNetwork (= 0.62.0)
    - ReactCommon/turbomodule/core (= 0.62.0)
  - React-RCTImage (0.62.0):
    - FBReactNativeSpec (= 0.62.0)
    - Folly (= 2018.10.22.00)
    - RCTTypeSafety (= 0.62.0)
    - React-Core/RCTImageHeaders (= 0.62.0)
    - React-RCTNetwork (= 0.62.0)
    - ReactCommon/turbomodule/core (= 0.62.0)
  - React-RCTLinking (0.62.0):
    - FBReactNativeSpec (= 0.62.0)
    - React-Core/RCTLinkingHeaders (= 0.62.0)
    - ReactCommon/turbomodule/core (= 0.62.0)
  - React-RCTNetwork (0.62.0):
    - FBReactNativeSpec (= 0.62.0)
    - Folly (= 2018.10.22.00)
    - RCTTypeSafety (= 0.62.0)
    - React-Core/RCTNetworkHeaders (= 0.62.0)
    - ReactCommon/turbomodule/core (= 0.62.0)
  - React-RCTSettings (0.62.0):
    - FBReactNativeSpec (= 0.62.0)
    - Folly (= 2018.10.22.00)
    - RCTTypeSafety (= 0.62.0)
    - React-Core/RCTSettingsHeaders (= 0.62.0)
    - ReactCommon/turbomodule/core (= 0.62.0)
  - React-RCTText (0.62.0):
    - React-Core/RCTTextHeaders (= 0.62.0)
  - React-RCTVibration (0.62.0):
    - FBReactNativeSpec (= 0.62.0)
    - Folly (= 2018.10.22.00)
    - React-Core/RCTVibrationHeaders (= 0.62.0)
    - ReactCommon/turbomodule/core (= 0.62.0)
  - ReactCommon/callinvoker (0.62.0):
    - DoubleConversion
    - Folly (= 2018.10.22.00)
    - glog
    - React-cxxreact (= 0.62.0)
  - ReactCommon/turbomodule/core (0.62.0):
    - DoubleConversion
    - Folly (= 2018.10.22.00)
    - glog
    - React-Core (= 0.62.0)
    - React-cxxreact (= 0.62.0)
    - React-jsi (= 0.62.0)
    - ReactCommon/callinvoker (= 0.62.0)
  - RNCAsyncStorage (1.15.5):
    - React-Core
  - RNCMaskedView (0.1.11):
    - React
  - RNDateTimePicker (3.5.2):
    - React-Core
  - RNFastImage (8.3.4):
    - React-Core
    - SDWebImage (~> 5.8)
    - SDWebImageWebPCoder (~> 0.6.1)
  - RNGestureHandler (1.10.3):
    - React-Core
  - RNImageCropPicker (0.36.2):
    - React-Core
    - React-RCTImage
    - RNImageCropPicker/QBImagePickerController (= 0.36.2)
    - TOCropViewController
  - RNImageCropPicker/QBImagePickerController (0.36.2):
    - React-Core
    - React-RCTImage
    - TOCropViewController
  - RNPermissions (2.2.2):
    - React-Core
  - RNReanimated (1.13.3):
    - React-Core
  - RNScreens (2.18.1):
    - React-Core
  - RNSVG (12.1.1):
    - React
  - RNVectorIcons (8.1.0):
    - React-Core
  - SDWebImage (5.11.1):
    - SDWebImage/Core (= 5.11.1)
  - SDWebImage/Core (5.11.1)
  - SDWebImageWebPCoder (0.6.1):
    - libwebp (~> 1.0)
    - SDWebImage/Core (~> 5.7)
  - TOCropViewController (2.6.0)
  - Yoga (1.14.0)

DEPENDENCIES:
  - DoubleConversion (from `../node_modules/react-native/third-party-podspecs/DoubleConversion.podspec`)
  - FBLazyVector (from `../node_modules/react-native/Libraries/FBLazyVector`)
  - FBReactNativeSpec (from `../node_modules/react-native/Libraries/FBReactNativeSpec`)
  - Firebase/Core
  - Firebase/Messaging
  - Folly (from `../node_modules/react-native/third-party-podspecs/Folly.podspec`)
  - glog (from `../node_modules/react-native/third-party-podspecs/glog.podspec`)
  - OpenSSL-Universal (~> 1.0.2.20)
  - Permission-Camera (from `../node_modules/react-native-permissions/ios/Camera.podspec`)
  - RCTRequired (from `../node_modules/react-native/Libraries/RCTRequired`)
  - RCTTypeSafety (from `../node_modules/react-native/Libraries/TypeSafety`)
  - React (from `../node_modules/react-native/`)
  - React-Core (from `../node_modules/react-native/`)
  - React-Core/DevSupport (from `../node_modules/react-native/`)
  - React-Core/RCTWebSocket (from `../node_modules/react-native/`)
  - React-CoreModules (from `../node_modules/react-native/React/CoreModules`)
  - React-cxxreact (from `../node_modules/react-native/ReactCommon/cxxreact`)
  - React-jsi (from `../node_modules/react-native/ReactCommon/jsi`)
  - React-jsiexecutor (from `../node_modules/react-native/ReactCommon/jsiexecutor`)
  - React-jsinspector (from `../node_modules/react-native/ReactCommon/jsinspector`)
  - react-native-camera/BarcodeDetectorMLKit (from `../node_modules/react-native-camera`)
  - react-native-image-picker (from `../node_modules/react-native-image-picker`)
  - react-native-safe-area-context (from `../node_modules/react-native-safe-area-context`)
  - react-native-splash-screen (from `../node_modules/react-native-splash-screen`)
  - react-native-webview (from `../node_modules/react-native-webview`)
  - React-RCTActionSheet (from `../node_modules/react-native/Libraries/ActionSheetIOS`)
  - React-RCTAnimation (from `../node_modules/react-native/Libraries/NativeAnimation`)
  - React-RCTBlob (from `../node_modules/react-native/Libraries/Blob`)
  - React-RCTImage (from `../node_modules/react-native/Libraries/Image`)
  - React-RCTLinking (from `../node_modules/react-native/Libraries/LinkingIOS`)
  - React-RCTNetwork (from `../node_modules/react-native/Libraries/Network`)
  - React-RCTSettings (from `../node_modules/react-native/Libraries/Settings`)
  - React-RCTText (from `../node_modules/react-native/Libraries/Text`)
  - React-RCTVibration (from `../node_modules/react-native/Libraries/Vibration`)
  - ReactCommon/callinvoker (from `../node_modules/react-native/ReactCommon`)
  - ReactCommon/turbomodule/core (from `../node_modules/react-native/ReactCommon`)
  - "RNCAsyncStorage (from `../node_modules/@react-native-async-storage/async-storage`)"
  - "RNCMaskedView (from `../node_modules/@react-native-community/masked-view`)"
  - "RNDateTimePicker (from `../node_modules/@react-native-community/datetimepicker`)"
  - RNFastImage (from `../node_modules/react-native-fast-image`)
  - RNGestureHandler (from `../node_modules/react-native-gesture-handler`)
  - RNImageCropPicker (from `../node_modules/react-native-image-crop-picker`)
  - RNPermissions (from `../node_modules/react-native-permissions`)
  - RNReanimated (from `../node_modules/react-native-reanimated`)
  - RNScreens (from `../node_modules/react-native-screens`)
  - RNSVG (from `../node_modules/react-native-svg`)
  - RNVectorIcons (from `../node_modules/react-native-vector-icons`)
  - Yoga (from `../node_modules/react-native/ReactCommon/yoga`)

SPEC REPOS:
  trunk:
    - boost-for-react-native
    - Firebase
    - FirebaseAnalytics
    - FirebaseCore
    - FirebaseCoreDiagnostics
    - FirebaseInstallations
    - FirebaseInstanceID
    - FirebaseMessaging
    - FirebaseMLCommon
    - FirebaseMLVision
    - FirebaseMLVisionBarcodeModel
    - GoogleAPIClientForREST
    - GoogleAppMeasurement
    - GoogleDataTransport
    - GoogleToolboxForMac
    - GoogleUtilities
    - GTMSessionFetcher
    - libwebp
    - nanopb
    - OpenSSL-Universal
    - PromisesObjC
    - Protobuf
    - SDWebImage
    - SDWebImageWebPCoder
    - TOCropViewController

EXTERNAL SOURCES:
  DoubleConversion:
    :podspec: "../node_modules/react-native/third-party-podspecs/DoubleConversion.podspec"
  FBLazyVector:
    :path: "../node_modules/react-native/Libraries/FBLazyVector"
  FBReactNativeSpec:
    :path: "../node_modules/react-native/Libraries/FBReactNativeSpec"
  Folly:
    :podspec: "../node_modules/react-native/third-party-podspecs/Folly.podspec"
  glog:
    :podspec: "../node_modules/react-native/third-party-podspecs/glog.podspec"
  Permission-Camera:
    :path: "../node_modules/react-native-permissions/ios/Camera.podspec"
  RCTRequired:
    :path: "../node_modules/react-native/Libraries/RCTRequired"
  RCTTypeSafety:
    :path: "../node_modules/react-native/Libraries/TypeSafety"
  React:
    :path: "../node_modules/react-native/"
  React-Core:
    :path: "../node_modules/react-native/"
  React-CoreModules:
    :path: "../node_modules/react-native/React/CoreModules"
  React-cxxreact:
    :path: "../node_modules/react-native/ReactCommon/cxxreact"
  React-jsi:
    :path: "../node_modules/react-native/ReactCommon/jsi"
  React-jsiexecutor:
    :path: "../node_modules/react-native/ReactCommon/jsiexecutor"
  React-jsinspector:
    :path: "../node_modules/react-native/ReactCommon/jsinspector"
  react-native-camera:
    :path: "../node_modules/react-native-camera"
  react-native-image-picker:
    :path: "../node_modules/react-native-image-picker"
  react-native-safe-area-context:
    :path: "../node_modules/react-native-safe-area-context"
  react-native-splash-screen:
    :path: "../node_modules/react-native-splash-screen"
  react-native-webview:
    :path: "../node_modules/react-native-webview"
  React-RCTActionSheet:
    :path: "../node_modules/react-native/Libraries/ActionSheetIOS"
  React-RCTAnimation:
    :path: "../node_modules/react-native/Libraries/NativeAnimation"
  React-RCTBlob:
    :path: "../node_modules/react-native/Libraries/Blob"
  React-RCTImage:
    :path: "../node_modules/react-native/Libraries/Image"
  React-RCTLinking:
    :path: "../node_modules/react-native/Libraries/LinkingIOS"
  React-RCTNetwork:
    :path: "../node_modules/react-native/Libraries/Network"
  React-RCTSettings:
    :path: "../node_modules/react-native/Libraries/Settings"
  React-RCTText:
    :path: "../node_modules/react-native/Libraries/Text"
  React-RCTVibration:
    :path: "../node_modules/react-native/Libraries/Vibration"
  ReactCommon:
    :path: "../node_modules/react-native/ReactCommon"
  RNCAsyncStorage:
    :path: "../node_modules/@react-native-async-storage/async-storage"
  RNCMaskedView:
    :path: "../node_modules/@react-native-community/masked-view"
  RNDateTimePicker:
    :path: "../node_modules/@react-native-community/datetimepicker"
  RNFastImage:
    :path: "../node_modules/react-native-fast-image"
  RNGestureHandler:
    :path: "../node_modules/react-native-gesture-handler"
  RNImageCropPicker:
    :path: "../node_modules/react-native-image-crop-picker"
  RNPermissions:
    :path: "../node_modules/react-native-permissions"
  RNReanimated:
    :path: "../node_modules/react-native-reanimated"
  RNScreens:
    :path: "../node_modules/react-native-screens"
  RNSVG:
    :path: "../node_modules/react-native-svg"
  RNVectorIcons:
    :path: "../node_modules/react-native-vector-icons"
  Yoga:
    :path: "../node_modules/react-native/ReactCommon/yoga"

SPEC CHECKSUMS:
  boost-for-react-native: 39c7adb57c4e60d6c5479dd8623128eb5b3f0f2c
  DoubleConversion: 5805e889d232975c086db112ece9ed034df7a0b2
  FBLazyVector: 545eccf4f6ef2de8fd450fd8a1edb3f913c7371a
  FBReactNativeSpec: 85c7f8347f4a6e911742228e89e245187afa298e
  Firebase: c23a36d9e4cdf7877dfcba8dd0c58add66358999
  FirebaseAnalytics: 3bb096873ee0d7fa4b6c70f5e9166b6da413cc7f
  FirebaseCore: d3a978a3cfa3240bf7e4ba7d137fdf5b22b628ec
  FirebaseCoreDiagnostics: 770ac5958e1372ce67959ae4b4f31d8e127c3ac1
  FirebaseInstallations: 466c7b4d1f58fe16707693091da253726a731ed2
  FirebaseInstanceID: bd3ffc24367f901a43c063b36c640b345a4a5dd1
  FirebaseMessaging: 5eca4ef173de76253352511aafef774caa1cba2a
  FirebaseMLCommon: f42d067ca7fed962e09f02ba94a24e06ee50d933
  FirebaseMLVision: fd7cdd33d067c976c16fd521e7e92c26c980c947
  FirebaseMLVisionBarcodeModel: 394cd61c52dc03558088caf82b0dade8028f57d5
  Folly: 30e7936e1c45c08d884aa59369ed951a8e68cf51
  glog: 1f3da668190260b06b429bb211bfbee5cd790c28
  GoogleAPIClientForREST: 538a8ad0014fd88b78894e77100775a6b0a4f7ed
  GoogleAppMeasurement: a6a3a066369828db64eda428cb2856dc1cdc7c4e
  GoogleDataTransport: f56af7caa4ed338dc8e138a5d7c5973e66440833
  GoogleToolboxForMac: 471e0c05d39506e50e6398f46fa9a12ae0efeff9
  GoogleUtilities: 7f2f5a07f888cdb145101d6042bc4422f57e70b3
  GTMSessionFetcher: b3503b20a988c4e20cc189aa798fd18220133f52
  libwebp: e90b9c01d99205d03b6bb8f2c8c415e5a4ef66f0
  nanopb: 59317e09cf1f1a0af72f12af412d54edf52603fc
  OpenSSL-Universal: ff34003318d5e1163e9529b08470708e389ffcdd
  Permission-Camera: 5d2aaf95592660b6dcb5e8d1d90ed5d0156cad02
  PromisesObjC: 3113f7f76903778cf4a0586bd1ab89329a0b7b97
  Protobuf: 7327d4444215b5f18e560a97f879ff5503c4581c
  RCTRequired: 0873f5bdb1762d2b9b1ae16a01c4f91d6ee3b6dd
  RCTTypeSafety: a605e0cc0e4220f6e65896bd9e675073c2978f35
  React: 8abf6bdd2b05538e9445f7bbda800df744068bfe
  React-Core: d6daa0d60a4180915e889a5e81f28522cb30359a
  React-CoreModules: 9d5343b095a52e830954a1dd7ae1cb9321ceeddc
  React-cxxreact: c108ca236585b9c802f1eeab11fed1a023faac3a
  React-jsi: bc8166d6833cdcb0848c80710b26ce63fad2c099
  React-jsiexecutor: 8bf0b2707f05865113415088c398a7f98c0cf546
  React-jsinspector: 8e5913c4c6c54f0d3f9c9fc630c465a89cded65d
  react-native-camera: 9e55a09596b8c4e41eb7d4cce7c39826990c3cac
  react-native-image-picker: 5bb3325530fd4dc3053a77a73d4f65b6649de820
  react-native-safe-area-context: e200d4433aba6b7e60b52da5f37af11f7a0b0392
  react-native-splash-screen: 200d11d188e2e78cea3ad319964f6142b6384865
  react-native-webview: 0aa2cde4ee7e3e1c5fffdf64dbce9c709aa18155
  React-RCTActionSheet: 674afbc8b9c76e0a83520e0a51da29a70802c03f
  React-RCTAnimation: f5f24330d09ee677fb49e0782f8321868f4df431
  React-RCTBlob: b773ce6138ab0d172ebd8a455fd4efd200a92549
  React-RCTImage: 8dbaa77916f9d21ff8faa0f3f5f06d4069c28e93
  React-RCTLinking: 312a2b3511e2829e68c300c2cdcae4282fefc7ef
  React-RCTNetwork: 4b87acf29c38b8819bea67dad3edeca7b9a20718
  React-RCTSettings: be798c8b33392a90d9d551644610ffa349a89255
  React-RCTText: 91a0d0ae5434aa28fe0c89c03eb9d660ff53bd9b
  React-RCTVibration: 0630aeb11e22f87c180ca9c0c3a0a0aba780cc62
  ReactCommon: d22162ab8f1358c53dfcd0f9c4d82d38facdbc48
  RNCAsyncStorage: 56a3355a10b5d660c48c6e37325ac85ebfd09885
  RNCMaskedView: 0e1bc4bfa8365eba5fbbb71e07fbdc0555249489
  RNDateTimePicker: 7658208086d86d09e1627b5c34ba0cf237c60140
  RNFastImage: d4870d58f5936111c56218dbd7fcfc18e65b58ff
  RNGestureHandler: a479ebd5ed4221a810967000735517df0d2db211
  RNImageCropPicker: 35a3ceb837446fa11547704709bb22b5fac6d584
  RNPermissions: 5df468064df661a4c8c017e2791ce90d7695eea5
  RNReanimated: 514a11da3a2bcc6c3dfd9de32b38e2b9bf101926
  RNScreens: f7ad633b2e0190b77b6a7aab7f914fad6f198d8d
  RNSVG: 551acb6562324b1d52a4e0758f7ca0ec234e278f
  RNVectorIcons: 31cebfcf94e8cf8686eb5303ae0357da64d7a5a4
  SDWebImage: a7f831e1a65eb5e285e3fb046a23fcfbf08e696d
  SDWebImageWebPCoder: d0dac55073088d24b2ac1b191a71a8f8d0adac21
  TOCropViewController: 3105367e808b7d3d886a74ff59bf4804e7d3ab38
  Yoga: 9db9ff2025ad21d1ac0a8b3c85d5ac4e7c29d525

PODFILE CHECKSUM: 599c8f4ce7e4dab53c27ef54759181d85df04f91

COCOAPODS: 1.10.1
